// !$*UTF8*$!
{
	archiveVersion = 1;
	classes = {
	};
	objectVersion = 56;
	objects = {

/* Begin PBXBuildFile section */
		2A8E0678EE298FE48B61C6F0 /* Pods_FacebookLoginExample.framework in Frameworks */ = {isa = PBXBuildFile; fileRef = 9CDB3E56FF03795117B99AF2 /* Pods_FacebookLoginExample.framework */; };
		BA5EF0C52A85E85600049E39 /* AppDelegate.swift in Sources */ = {isa = PBXBuildFile; fileRef = BA5EF0C42A85E85600049E39 /* AppDelegate.swift */; };
		BA5EF0C72A85E85600049E39 /* SceneDelegate.swift in Sources */ = {isa = PBXBuildFile; fileRef = BA5EF0C62A85E85600049E39 /* SceneDelegate.swift */; };
		BA5EF0C92A85E85600049E39 /* ViewController.swift in Sources */ = {isa = PBXBuildFile; fileRef = BA5EF0C82A85E85600049E39 /* ViewController.swift */; };
		BA5EF0CC2A85E85600049E39 /* Main.storyboard in Resources */ = {isa = PBXBuildFile; fileRef = BA5EF0CA2A85E85600049E39 /* Main.storyboard */; };
		BA5EF0CE2A85E85800049E39 /* Assets.xcassets in Resources */ = {isa = PBXBuildFile; fileRef = BA5EF0CD2A85E85800049E39 /* Assets.xcassets */; };
		BA5EF0D12A85E85800049E39 /* LaunchScreen.storyboard in Resources */ = {isa = PBXBuildFile; fileRef = BA5EF0CF2A85E85800049E39 /* LaunchScreen.storyboard */; };
		BA5EF0D92A86065E00049E39 /* GoogleService-Info.plist in Resources */ = {isa = PBXBuildFile; fileRef = BA5EF0D82A86065E00049E39 /* GoogleService-Info.plist */; };
/* End PBXBuildFile section */

/* Begin PBXFileReference section */
		1BF2681873971007D993DAEE /* Pods-FacebookLoginExample.release.xcconfig */ = {isa = PBXFileReference; includeInIndex = 1; lastKnownFileType = text.xcconfig; name = "Pods-FacebookLoginExample.release.xcconfig"; path = "Target Support Files/Pods-FacebookLoginExample/Pods-FacebookLoginExample.release.xcconfig"; sourceTree = "<group>"; };
		9CDB3E56FF03795117B99AF2 /* Pods_FacebookLoginExample.framework */ = {isa = PBXFileReference; explicitFileType = wrapper.framework; includeInIndex = 0; path = Pods_FacebookLoginExample.framework; sourceTree = BUILT_PRODUCTS_DIR; };
		A3D8B795EE32098253339F2D /* Pods-FacebookLoginExample.debug.xcconfig */ = {isa = PBXFileReference; includeInIndex = 1; lastKnownFileType = text.xcconfig; name = "Pods-FacebookLoginExample.debug.xcconfig"; path = "Target Support Files/Pods-FacebookLoginExample/Pods-FacebookLoginExample.debug.xcconfig"; sourceTree = "<group>"; };
		BA5EF0C12A85E85600049E39 /* FacebookLoginExample.app */ = {isa = PBXFileReference; explicitFileType = wrapper.application; includeInIndex = 0; path = FacebookLoginExample.app; sourceTree = BUILT_PRODUCTS_DIR; };
		BA5EF0C42A85E85600049E39 /* AppDelegate.swift */ = {isa = PBXFileReference; lastKnownFileType = sourcecode.swift; path = AppDelegate.swift; sourceTree = "<group>"; };
		BA5EF0C62A85E85600049E39 /* SceneDelegate.swift */ = {isa = PBXFileReference; lastKnownFileType = sourcecode.swift; path = SceneDelegate.swift; sourceTree = "<group>"; };
		BA5EF0C82A85E85600049E39 /* ViewController.swift */ = {isa = PBXFileReference; lastKnownFileType = sourcecode.swift; path = ViewController.swift; sourceTree = "<group>"; };
		BA5EF0CB2A85E85600049E39 /* Base */ = {isa = PBXFileReference; lastKnownFileType = file.storyboard; name = Base; path = Base.lproj/Main.storyboard; sourceTree = "<group>"; };
		BA5EF0CD2A85E85800049E39 /* Assets.xcassets */ = {isa = PBXFileReference; lastKnownFileType = folder.assetcatalog; path = Assets.xcassets; sourceTree = "<group>"; };
		BA5EF0D02A85E85800049E39 /* Base */ = {isa = PBXFileReference; lastKnownFileType = file.storyboard; name = Base; path = Base.lproj/LaunchScreen.storyboard; sourceTree = "<group>"; };
		BA5EF0D22A85E85800049E39 /* Info.plist */ = {isa = PBXFileReference; lastKnownFileType = text.plist.xml; path = Info.plist; sourceTree = "<group>"; };
		BA5EF0D82A86065E00049E39 /* GoogleService-Info.plist */ = {isa = PBXFileReference; fileEncoding = 4; lastKnownFileType = text.plist.xml; path = "GoogleService-Info.plist"; sourceTree = "<group>"; };
/* End PBXFileReference section */

/* Begin PBXFrameworksBuildPhase section */
		BA5EF0BE2A85E85600049E39 /* Frameworks */ = {
			isa = PBXFrameworksBuildPhase;
			buildActionMask = 2147483647;
			files = (
				2A8E0678EE298FE48B61C6F0 /* Pods_FacebookLoginExample.framework in Frameworks */,
			);
			runOnlyForDeploymentPostprocessing = 0;
		};
/* End PBXFrameworksBuildPhase section */

/* Begin PBXGroup section */
		5DFBAC7A03AD7854A57DDF46 /* Pods */ = {
			isa = PBXGroup;
			children = (
				A3D8B795EE32098253339F2D /* Pods-FacebookLoginExample.debug.xcconfig */,
				1BF2681873971007D993DAEE /* Pods-FacebookLoginExample.release.xcconfig */,
			);
			path = Pods;
			sourceTree = "<group>";
		};
		B8AD8FA9B6858E9430AD39C3 /* Frameworks */ = {
			isa = PBXGroup;
			children = (
				9CDB3E56FF03795117B99AF2 /* Pods_FacebookLoginExample.framework */,
			);
			name = Frameworks;
			sourceTree = "<group>";
		};
		BA5EF0B82A85E85600049E39 = {
			isa = PBXGroup;
			children = (
				BA5EF0D82A86065E00049E39 /* GoogleService-Info.plist */,
				BA5EF0C32A85E85600049E39 /* FacebookLoginExample */,
				BA5EF0C22A85E85600049E39 /* Products */,
				5DFBAC7A03AD7854A57DDF46 /* Pods */,
				B8AD8FA9B6858E9430AD39C3 /* Frameworks */,
			);
			sourceTree = "<group>";
		};
		BA5EF0C22A85E85600049E39 /* Products */ = {
			isa = PBXGroup;
			children = (
				BA5EF0C12A85E85600049E39 /* FacebookLoginExample.app */,
			);
			name = Products;
			sourceTree = "<group>";
		};
		BA5EF0C32A85E85600049E39 /* FacebookLoginExample */ = {
			isa = PBXGroup;
			children = (
				BA5EF0C42A85E85600049E39 /* AppDelegate.swift */,
				BA5EF0C62A85E85600049E39 /* SceneDelegate.swift */,
				BA5EF0C82A85E85600049E39 /* ViewController.swift */,
				BA5EF0CA2A85E85600049E39 /* Main.storyboard */,
				BA5EF0CD2A85E85800049E39 /* Assets.xcassets */,
				BA5EF0CF2A85E85800049E39 /* LaunchScreen.storyboard */,
				BA5EF0D22A85E85800049E39 /* Info.plist */,
			);
			path = FacebookLoginExample;
			sourceTree = "<group>";
		};
/* End PBXGroup section */

/* Begin PBXNativeTarget section */
		BA5EF0C02A85E85600049E39 /* FacebookLoginExample */ = {
			isa = PBXNativeTarget;
			buildConfigurationList = BA5EF0D52A85E85800049E39 /* Build configuration list for PBXNativeTarget "FacebookLoginExample" */;
			buildPhases = (
				E009CA0E43523A87A1480082 /* [CP] Check Pods Manifest.lock */,
				BA5EF0BD2A85E85600049E39 /* Sources */,
				BA5EF0BE2A85E85600049E39 /* Frameworks */,
				BA5EF0BF2A85E85600049E39 /* Resources */,
				79D3919B303B70C87385E38F /* [CP] Embed Pods Frameworks */,
			);
			buildRules = (
			);
			dependencies = (
			);
			name = FacebookLoginExample;
			productName = FacebookLoginExample;
			productReference = BA5EF0C12A85E85600049E39 /* FacebookLoginExample.app */;
			productType = "com.apple.product-type.application";
		};
/* End PBXNativeTarget section */

/* Begin PBXProject section */
		BA5EF0B92A85E85600049E39 /* Project object */ = {
			isa = PBXProject;
			attributes = {
				BuildIndependentTargetsInParallel = 1;
				LastSwiftUpdateCheck = 1430;
				LastUpgradeCheck = 1430;
				TargetAttributes = {
					BA5EF0C02A85E85600049E39 = {
						CreatedOnToolsVersion = 14.3;
					};
				};
			};
			buildConfigurationList = BA5EF0BC2A85E85600049E39 /* Build configuration list for PBXProject "FacebookLoginExample" */;
			compatibilityVersion = "Xcode 14.0";
			developmentRegion = en;
			hasScannedForEncodings = 0;
			knownRegions = (
				en,
				Base,
			);
			mainGroup = BA5EF0B82A85E85600049E39;
			productRefGroup = BA5EF0C22A85E85600049E39 /* Products */;
			projectDirPath = "";
			projectRoot = "";
			targets = (
				BA5EF0C02A85E85600049E39 /* FacebookLoginExample */,
			);
		};
/* End PBXProject section */

/* Begin PBXResourcesBuildPhase section */
		BA5EF0BF2A85E85600049E39 /* Resources */ = {
			isa = PBXResourcesBuildPhase;
			buildActionMask = 2147483647;
			files = (
				BA5EF0D12A85E85800049E39 /* LaunchScreen.storyboard in Resources */,
				BA5EF0CE2A85E85800049E39 /* Assets.xcassets in Resources */,
				BA5EF0D92A86065E00049E39 /* GoogleService-Info.plist in Resources */,
				BA5EF0CC2A85E85600049E39 /* Main.storyboard in Resources */,
			);
			runOnlyForDeploymentPostprocessing = 0;
		};
/* End PBXResourcesBuildPhase section */

/* Begin PBXShellScriptBuildPhase section */
		79D3919B303B70C87385E38F /* [CP] Embed Pods Frameworks */ = {
			isa = PBXShellScriptBuildPhase;
			buildActionMask = 2147483647;
			files = (
			);
			inputFileListPaths = (
				"${PODS_ROOT}/Target Support Files/Pods-FacebookLoginExample/Pods-FacebookLoginExample-frameworks-${CONFIGURATION}-input-files.xcfilelist",
			);
			name = "[CP] Embed Pods Frameworks";
			outputFileListPaths = (
				"${PODS_ROOT}/Target Support Files/Pods-FacebookLoginExample/Pods-FacebookLoginExample-frameworks-${CONFIGURATION}-output-files.xcfilelist",
			);
			runOnlyForDeploymentPostprocessing = 0;
			shellPath = /bin/sh;
			shellScript = "\"${PODS_ROOT}/Target Support Files/Pods-FacebookLoginExample/Pods-FacebookLoginExample-frameworks.sh\"\n";
			showEnvVarsInLog = 0;
		};
		E009CA0E43523A87A1480082 /* [CP] Check Pods Manifest.lock */ = {
			isa = PBXShellScriptBuildPhase;
			buildActionMask = 2147483647;
			files = (
			);
			inputFileListPaths = (
			);
			inputPaths = (
				"${PODS_PODFILE_DIR_PATH}/Podfile.lock",
				"${PODS_ROOT}/Manifest.lock",
			);
			name = "[CP] Check Pods Manifest.lock";
			outputFileListPaths = (
			);
			outputPaths = (
				"$(DERIVED_FILE_DIR)/Pods-FacebookLoginExample-checkManifestLockResult.txt",
			);
			runOnlyForDeploymentPostprocessing = 0;
			shellPath = /bin/sh;
			shellScript = "diff \"${PODS_PODFILE_DIR_PATH}/Podfile.lock\" \"${PODS_ROOT}/Manifest.lock\" > /dev/null\nif [ $? != 0 ] ; then\n    # print error to STDERR\n    echo \"error: The sandbox is not in sync with the Podfile.lock. Run 'pod install' or update your CocoaPods installation.\" >&2\n    exit 1\nfi\n# This output is used by Xcode 'outputs' to avoid re-running this script phase.\necho \"SUCCESS\" > \"${SCRIPT_OUTPUT_FILE_0}\"\n";
			showEnvVarsInLog = 0;
		};
/* End PBXShellScriptBuildPhase section */

/* Begin PBXSourcesBuildPhase section */
		BA5EF0BD2A85E85600049E39 /* Sources */ = {
			isa = PBXSourcesBuildPhase;
			buildActionMask = 2147483647;
			files = (
				BA5EF0C92A85E85600049E39 /* ViewController.swift in Sources */,
				BA5EF0C52A85E85600049E39 /* AppDelegate.swift in Sources */,
				BA5EF0C72A85E85600049E39 /* SceneDelegate.swift in Sources */,
			);
			runOnlyForDeploymentPostprocessing = 0;
		};
/* End PBXSourcesBuildPhase section */

/* Begin PBXVariantGroup section */
		BA5EF0CA2A85E85600049E39 /* Main.storyboard */ = {
			isa = PBXVariantGroup;
			children = (
				BA5EF0CB2A85E85600049E39 /* Base */,
			);
			name = Main.storyboard;
			sourceTree = "<group>";
		};
		BA5EF0CF2A85E85800049E39 /* LaunchScreen.storyboard */ = {
			isa = PBXVariantGroup;
			children = (
				BA5EF0D02A85E85800049E39 /* Base */,
			);
			name = LaunchScreen.storyboard;
			sourceTree = "<group>";
		};
/* End PBXVariantGroup section */

/* Begin XCBuildConfiguration section */
		BA5EF0D32A85E85800049E39 /* Debug */ = {
			isa = XCBuildConfiguration;
			buildSettings = {
				ALWAYS_SEARCH_USER_PATHS = NO;
				CLANG_ANALYZER_NONNULL = YES;
				CLANG_ANALYZER_NUMBER_OBJECT_CONVERSION = YES_AGGRESSIVE;
				CLANG_CXX_LANGUAGE_STANDARD = "gnu++20";
				CLANG_ENABLE_MODULES = YES;
				CLANG_ENABLE_OBJC_ARC = YES;
				CLANG_ENABLE_OBJC_WEAK = YES;
				CLANG_WARN_BLOCK_CAPTURE_AUTORELEASING = YES;
				CLANG_WARN_BOOL_CONVERSION = YES;
				CLANG_WARN_COMMA = YES;
				CLANG_WARN_CONSTANT_CONVERSION = YES;
				CLANG_WARN_DEPRECATED_OBJC_IMPLEMENTATIONS = YES;
				CLANG_WARN_DIRECT_OBJC_ISA_USAGE = YES_ERROR;
				CLANG_WARN_DOCUMENTATION_COMMENTS = YES;
				CLANG_WARN_EMPTY_BODY = YES;
				CLANG_WARN_ENUM_CONVERSION = YES;
				CLANG_WARN_INFINITE_RECURSION = YES;
				CLANG_WARN_INT_CONVERSION = YES;
				CLANG_WARN_NON_LITERAL_NULL_CONVERSION = YES;
				CLANG_WARN_OBJC_IMPLICIT_RETAIN_SELF = YES;
				CLANG_WARN_OBJC_LITERAL_CONVERSION = YES;
				CLANG_WARN_OBJC_ROOT_CLASS = YES_ERROR;
				CLANG_WARN_QUOTED_INCLUDE_IN_FRAMEWORK_HEADER = YES;
				CLANG_WARN_RANGE_LOOP_ANALYSIS = YES;
				CLANG_WARN_STRICT_PROTOTYPES = YES;
				CLANG_WARN_SUSPICIOUS_MOVE = YES;
				CLANG_WARN_UNGUARDED_AVAILABILITY = YES_AGGRESSIVE;
				CLANG_WARN_UNREACHABLE_CODE = YES;
				CLANG_WARN__DUPLICATE_METHOD_MATCH = YES;
				COPY_PHASE_STRIP = NO;
				DEBUG_INFORMATION_FORMAT = dwarf;
				ENABLE_STRICT_OBJC_MSGSEND = YES;
				ENABLE_TESTABILITY = YES;
				GCC_C_LANGUAGE_STANDARD = gnu11;
				GCC_DYNAMIC_NO_PIC = NO;
				GCC_NO_COMMON_BLOCKS = YES;
				GCC_OPTIMIZATION_LEVEL = 0;
				GCC_PREPROCESSOR_DEFINITIONS = (
					"DEBUG=1",
					"$(inherited)",
				);
				GCC_WARN_64_TO_32_BIT_CONVERSION = YES;
				GCC_WARN_ABOUT_RETURN_TYPE = YES_ERROR;
				GCC_WARN_UNDECLARED_SELECTOR = YES;
				GCC_WARN_UNINITIALIZED_AUTOS = YES_AGGRESSIVE;
				GCC_WARN_UNUSED_FUNCTION = YES;
				GCC_WARN_UNUSED_VARIABLE = YES;
				IPHONEOS_DEPLOYMENT_TARGET = 16.4;
				MTL_ENABLE_DEBUG_INFO = INCLUDE_SOURCE;
				MTL_FAST_MATH = YES;
				ONLY_ACTIVE_ARCH = YES;
				SDKROOT = iphoneos;
				SWIFT_ACTIVE_COMPILATION_CONDITIONS = DEBUG;
				SWIFT_OPTIMIZATION_LEVEL = "-Onone";
			};
			name = Debug;
		};
		BA5EF0D42A85E85800049E39 /* Release */ = {
			isa = XCBuildConfiguration;
			buildSettings = {
				ALWAYS_SEARCH_USER_PATHS = NO;
				CLANG_ANALYZER_NONNULL = YES;
				CLANG_ANALYZER_NUMBER_OBJECT_CONVERSION = YES_AGGRESSIVE;
				CLANG_CXX_LANGUAGE_STANDARD = "gnu++20";
				CLANG_ENABLE_MODULES = YES;
				CLANG_ENABLE_OBJC_ARC = YES;
				CLANG_ENABLE_OBJC_WEAK = YES;
				CLANG_WARN_BLOCK_CAPTURE_AUTORELEASING = YES;
				CLANG_WARN_BOOL_CONVERSION = YES;
				CLANG_WARN_COMMA = YES;
				CLANG_WARN_CONSTANT_CONVERSION = YES;
				CLANG_WARN_DEPRECATED_OBJC_IMPLEMENTATIONS = YES;
				CLANG_WARN_DIRECT_OBJC_ISA_USAGE = YES_ERROR;
				CLANG_WARN_DOCUMENTATION_COMMENTS = YES;
				CLANG_WARN_EMPTY_BODY = YES;
				CLANG_WARN_ENUM_CONVERSION = YES;
				CLANG_WARN_INFINITE_RECURSION = YES;
				CLANG_WARN_INT_CONVERSION = YES;
				CLANG_WARN_NON_LITERAL_NULL_CONVERSION = YES;
				CLANG_WARN_OBJC_IMPLICIT_RETAIN_SELF = YES;
				CLANG_WARN_OBJC_LITERAL_CONVERSION = YES;
				CLANG_WARN_OBJC_ROOT_CLASS = YES_ERROR;
				CLANG_WARN_QUOTED_INCLUDE_IN_FRAMEWORK_HEADER = YES;
				CLANG_WARN_RANGE_LOOP_ANALYSIS = YES;
				CLANG_WARN_STRICT_PROTOTYPES = YES;
				CLANG_WARN_SUSPICIOUS_MOVE = YES;
				CLANG_WARN_UNGUARDED_AVAILABILITY = YES_AGGRESSIVE;
				CLANG_WARN_UNREACHABLE_CODE = YES;
				CLANG_WARN__DUPLICATE_METHOD_MATCH = YES;
				COPY_PHASE_STRIP = NO;
				DEBUG_INFORMATION_FORMAT = "dwarf-with-dsym";
				ENABLE_NS_ASSERTIONS = NO;
				ENABLE_STRICT_OBJC_MSGSEND = YES;
				GCC_C_LANGUAGE_STANDARD = gnu11;
				GCC_NO_COMMON_BLOCKS = YES;
				GCC_WARN_64_TO_32_BIT_CONVERSION = YES;
				GCC_WARN_ABOUT_RETURN_TYPE = YES_ERROR;
				GCC_WARN_UNDECLARED_SELECTOR = YES;
				GCC_WARN_UNINITIALIZED_AUTOS = YES_AGGRESSIVE;
				GCC_WARN_UNUSED_FUNCTION = YES;
				GCC_WARN_UNUSED_VARIABLE = YES;
				IPHONEOS_DEPLOYMENT_TARGET = 16.4;
				MTL_ENABLE_DEBUG_INFO = NO;
				MTL_FAST_MATH = YES;
				SDKROOT = iphoneos;
				SWIFT_COMPILATION_MODE = wholemodule;
				SWIFT_OPTIMIZATION_LEVEL = "-O";
				VALIDATE_PRODUCT = YES;
			};
			name = Release;
		};
		BA5EF0D62A85E85800049E39 /* Debug */ = {
			isa = XCBuildConfiguration;
			baseConfigurationReference = A3D8B795EE32098253339F2D /* Pods-FacebookLoginExample.debug.xcconfig */;
			buildSettings = {
				ASSETCATALOG_COMPILER_APPICON_NAME = AppIcon;
				ASSETCATALOG_COMPILER_GLOBAL_ACCENT_COLOR_NAME = AccentColor;
				CODE_SIGN_STYLE = Automatic;
				CURRENT_PROJECT_VERSION = 1;
				GENERATE_INFOPLIST_FILE = YES;
				INFOPLIST_FILE = FacebookLoginExample/Info.plist;
				INFOPLIST_KEY_UIApplicationSupportsIndirectInputEvents = YES;
				INFOPLIST_KEY_UILaunchStoryboardName = LaunchScreen;
				INFOPLIST_KEY_UIMainStoryboardFile = Main;
				INFOPLIST_KEY_UISupportedInterfaceOrientations_iPad = "UIInterfaceOrientationPortrait UIInterfaceOrientationPortraitUpsideDown UIInterfaceOrientationLandscapeLeft UIInterfaceOrientationLandscapeRight";
				INFOPLIST_KEY_UISupportedInterfaceOrientations_iPhone = "UIInterfaceOrientationPortrait UIInterfaceOrientationLandscapeLeft UIInterfaceOrientationLandscapeRight";
				LD_RUNPATH_SEARCH_PATHS = (
					"$(inherited)",
					"@executable_path/Frameworks",
				);
				MARKETING_VERSION = 1.0;
				PRODUCT_BUNDLE_IDENTIFIER = com.nazar.FacebookLoginExample;
				PRODUCT_NAME = "$(TARGET_NAME)";
				SWIFT_EMIT_LOC_STRINGS = YES;
				SWIFT_VERSION = 5.0;
				TARGETED_DEVICE_FAMILY = "1,2";
			};
			name = Debug;
		};
		BA5EF0D72A85E85800049E39 /* Release */ = {
			isa = XCBuildConfiguration;
			baseConfigurationReference = 1BF2681873971007D993DAEE /* Pods-FacebookLoginExample.release.xcconfig */;
			buildSettings = {
				ASSETCATALOG_COMPILER_APPICON_NAME = AppIcon;
				ASSETCATALOG_COMPILER_GLOBAL_ACCENT_COLOR_NAME = AccentColor;
				CODE_SIGN_STYLE = Automatic;
				CURRENT_PROJECT_VERSION = 1;
				GENERATE_INFOPLIST_FILE = YES;
				INFOPLIST_FILE = FacebookLoginExample/Info.plist;
				INFOPLIST_KEY_UIApplicationSupportsIndirectInputEvents = YES;
				INFOPLIST_KEY_UILaunchStoryboardName = LaunchScreen;
				INFOPLIST_KEY_UIMainStoryboardFile = Main;
				INFOPLIST_KEY_UISupportedInterfaceOrientations_iPad = "UIInterfaceOrientationPortrait UIInterfaceOrientationPortraitUpsideDown UIInterfaceOrientationLandscapeLeft UIInterfaceOrientationLandscapeRight";
				INFOPLIST_KEY_UISupportedInterfaceOrientations_iPhone = "UIInterfaceOrientationPortrait UIInterfaceOrientationLandscapeLeft UIInterfaceOrientationLandscapeRight";
				LD_RUNPATH_SEARCH_PATHS = (
					"$(inherited)",
					"@executable_path/Frameworks",
				);
				MARKETING_VERSION = 1.0;
				PRODUCT_BUNDLE_IDENTIFIER = com.nazar.FacebookLoginExample;
				PRODUCT_NAME = "$(TARGET_NAME)";
				SWIFT_EMIT_LOC_STRINGS = YES;
				SWIFT_VERSION = 5.0;
				TARGETED_DEVICE_FAMILY = "1,2";
			};
			name = Release;
		};
/* End XCBuildConfiguration section */

/* Begin XCConfigurationList section */
		BA5EF0BC2A85E85600049E39 /* Build configuration list for PBXProject "FacebookLoginExample" */ = {
			isa = XCConfigurationList;
			buildConfigurations = (
				BA5EF0D32A85E85800049E39 /* Debug */,
				BA5EF0D42A85E85800049E39 /* Release */,
			);
			defaultConfigurationIsVisible = 0;
			defaultConfigurationName = Release;
		};
		BA5EF0D52A85E85800049E39 /* Build configuration list for PBXNativeTarget "FacebookLoginExample" */ = {
			isa = XCConfigurationList;
			buildConfigurations = (
				BA5EF0D62A85E85800049E39 /* Debug */,
				BA5EF0D72A85E85800049E39 /* Release */,
			);
			defaultConfigurationIsVisible = 0;
			defaultConfigurationName = Release;
		};
/* End XCConfigurationList section */
	};
	rootObject = BA5EF0B92A85E85600049E39 /* Project object */;
}
